
Microsoft Visual Studio Solution File, Format Version 12.00
# Visual Studio Version 16
VisualStudioVersion = 16.0.28621.142
MinimumVisualStudioVersion = 10.0.40219.1
Project("{2150E333-8FDC-42A3-9474-1A3956D46DE8}") = ".paket", ".paket", "{63297B98-5CED-492C-A5B7-A5B4F73CF142}"
	ProjectSection(SolutionItems) = preProject
		paket.dependencies = paket.dependencies
		paket.lock = paket.lock
	EndProjectSection
EndProject
Project("{2150E333-8FDC-42A3-9474-1A3956D46DE8}") = "docs", "docs", "{A6A6AF7D-D6E3-442D-9B1E-58CC91879BE1}"
EndProject
Project("{2150E333-8FDC-42A3-9474-1A3956D46DE8}") = "tools", "tools", "{83F16175-43B1-4C90-A1EE-8E351C33435D}"
	ProjectSection(SolutionItems) = preProject
		docs\tools\generate.fsx = docs\tools\generate.fsx
		docs\tools\templates\template.cshtml = docs\tools\templates\template.cshtml
	EndProjectSection
EndProject
Project("{2150E333-8FDC-42A3-9474-1A3956D46DE8}") = "content", "content", "{8E6D5255-776D-4B61-85F9-73C37AA1FB9A}"
	ProjectSection(SolutionItems) = preProject
		docs\content\index.fsx = docs\content\index.fsx
		docs\content\tutorial.fsx = docs\content\tutorial.fsx
	EndProjectSection
EndProject
Project("{2150E333-8FDC-42A3-9474-1A3956D46DE8}") = "tests", "tests", "{ED8079DD-2B06-4030-9F0F-DC548F98E1C4}"
EndProject
Project("{6EC3EE1D-3C4E-46DD-8F32-0CC8E7565705}") = "SwaggerProvider.ProviderTests", "tests\SwaggerProvider.ProviderTests\SwaggerProvider.ProviderTests.fsproj", "{F26DFAA6-CB19-46EB-9FBD-F4A4DC46C3F5}"
EndProject
Project("{9A19103F-16F7-4668-BE54-9A1E7A4F7556}") = "SwaggerProvider.ProviderTests.CSharp", "tests\SwaggerProvider.ProviderTests.CSharp\SwaggerProvider.ProviderTests.CSharp.csproj", "{2950E2AC-A436-452A-9524-04BE7C82FA05}"
EndProject
Project("{2150E333-8FDC-42A3-9474-1A3956D46DE8}") = "src", "src", "{1D6B2F7D-FC4A-499B-B3D1-42A09F42AAAF}"
EndProject
Project("{6EC3EE1D-3C4E-46DD-8F32-0CC8E7565705}") = "SwaggerProvider.Runtime", "src\SwaggerProvider.Runtime\SwaggerProvider.Runtime.fsproj", "{DC3E73AF-5B15-45AD-B3C5-B3707DCB0F81}"
EndProject
Project("{6EC3EE1D-3C4E-46DD-8F32-0CC8E7565705}") = "SwaggerProvider.DesignTime", "src\SwaggerProvider.DesignTime\SwaggerProvider.DesignTime.fsproj", "{0598B4A4-3017-493E-8A64-293EAB4CFB95}"
EndProject
Project("{2150E333-8FDC-42A3-9474-1A3956D46DE8}") = "Solution Items", "Solution Items", "{CD49F31A-952B-4153-AB76-690091FCE484}"
	ProjectSection(SolutionItems) = preProject
		global.json = global.json
	EndProjectSection
EndProject
Global
	GlobalSection(SolutionConfigurationPlatforms) = preSolution
		Debug|Any CPU = Debug|Any CPU
		Release|Any CPU = Release|Any CPU
	EndGlobalSection
	GlobalSection(ProjectConfigurationPlatforms) = postSolution
		{F26DFAA6-CB19-46EB-9FBD-F4A4DC46C3F5}.Debug|Any CPU.ActiveCfg = Debug|Any CPU
		{F26DFAA6-CB19-46EB-9FBD-F4A4DC46C3F5}.Debug|Any CPU.Build.0 = Debug|Any CPU
		{F26DFAA6-CB19-46EB-9FBD-F4A4DC46C3F5}.Release|Any CPU.ActiveCfg = Release|Any CPU
		{F26DFAA6-CB19-46EB-9FBD-F4A4DC46C3F5}.Release|Any CPU.Build.0 = Release|Any CPU
		{2950E2AC-A436-452A-9524-04BE7C82FA05}.Debug|Any CPU.ActiveCfg = Debug|Any CPU
		{2950E2AC-A436-452A-9524-04BE7C82FA05}.Debug|Any CPU.Build.0 = Debug|Any CPU
		{2950E2AC-A436-452A-9524-04BE7C82FA05}.Release|Any CPU.ActiveCfg = Release|Any CPU
		{2950E2AC-A436-452A-9524-04BE7C82FA05}.Release|Any CPU.Build.0 = Release|Any CPU
		{DC3E73AF-5B15-45AD-B3C5-B3707DCB0F81}.Debug|Any CPU.ActiveCfg = Debug|Any CPU
		{DC3E73AF-5B15-45AD-B3C5-B3707DCB0F81}.Debug|Any CPU.Build.0 = Debug|Any CPU
		{DC3E73AF-5B15-45AD-B3C5-B3707DCB0F81}.Release|Any CPU.ActiveCfg = Release|Any CPU
		{DC3E73AF-5B15-45AD-B3C5-B3707DCB0F81}.Release|Any CPU.Build.0 = Release|Any CPU
		{0598B4A4-3017-493E-8A64-293EAB4CFB95}.Debug|Any CPU.ActiveCfg = Debug|Any CPU
		{0598B4A4-3017-493E-8A64-293EAB4CFB95}.Debug|Any CPU.Build.0 = Debug|Any CPU
		{0598B4A4-3017-493E-8A64-293EAB4CFB95}.Release|Any CPU.ActiveCfg = Release|Any CPU
		{0598B4A4-3017-493E-8A64-293EAB4CFB95}.Release|Any CPU.Build.0 = Release|Any CPU
	EndGlobalSection
	GlobalSection(SolutionProperties) = preSolution
		HideSolutionNode = FALSE
	EndGlobalSection
	GlobalSection(NestedProjects) = preSolution
		{83F16175-43B1-4C90-A1EE-8E351C33435D} = {A6A6AF7D-D6E3-442D-9B1E-58CC91879BE1}
		{8E6D5255-776D-4B61-85F9-73C37AA1FB9A} = {A6A6AF7D-D6E3-442D-9B1E-58CC91879BE1}
		{F26DFAA6-CB19-46EB-9FBD-F4A4DC46C3F5} = {ED8079DD-2B06-4030-9F0F-DC548F98E1C4}
		{2950E2AC-A436-452A-9524-04BE7C82FA05} = {ED8079DD-2B06-4030-9F0F-DC548F98E1C4}
		{DC3E73AF-5B15-45AD-B3C5-B3707DCB0F81} = {1D6B2F7D-FC4A-499B-B3D1-42A09F42AAAF}
		{0598B4A4-3017-493E-8A64-293EAB4CFB95} = {1D6B2F7D-FC4A-499B-B3D1-42A09F42AAAF}
	EndGlobalSection
	GlobalSection(ExtensibilityGlobals) = postSolution
		SolutionGuid = {F2D1B446-5EE2-4DDF-83A6-831E733173F4}
	EndGlobalSection
EndGlobal
